// !$*UTF8*$!
{
	archiveVersion = 1;
	classes = {
	};
	objectVersion = 46;
	objects = {

/* Begin PBXBuildFile section */
		DD18CB0A1A434465003071E4 /* main.m in Sources */ = {isa = PBXBuildFile; fileRef = DD18CB091A434465003071E4 /* main.m */; };
		DD18CB0D1A434465003071E4 /* AppDelegate.m in Sources */ = {isa = PBXBuildFile; fileRef = DD18CB0C1A434465003071E4 /* AppDelegate.m */; };
		DD18CB101A434465003071E4 /* ViewController.m in Sources */ = {isa = PBXBuildFile; fileRef = DD18CB0F1A434465003071E4 /* ViewController.m */; };
		DD18CB151A434465003071E4 /* Images.xcassets in Resources */ = {isa = PBXBuildFile; fileRef = DD18CB141A434465003071E4 /* Images.xcassets */; };
		DD18CB181A434465003071E4 /* LaunchScreen.xib in Resources */ = {isa = PBXBuildFile; fileRef = DD18CB161A434465003071E4 /* LaunchScreen.xib */; };
		DD18CB241A434465003071E4 /* Example1Tests.m in Sources */ = {isa = PBXBuildFile; fileRef = DD18CB231A434465003071E4 /* Example1Tests.m */; };
		DD18CB321A4380EB003071E4 /* ContactListTableViewController.m in Sources */ = {isa = PBXBuildFile; fileRef = DD18CB311A4380EB003071E4 /* ContactListTableViewController.m */; };
		DD18CB381A48AB2A003071E4 /* Person.m in Sources */ = {isa = PBXBuildFile; fileRef = DD18CB371A48AB2A003071E4 /* Person.m */; };
		DD18CB431A4A6303003071E4 /* UserProfileTableViewController.m in Sources */ = {isa = PBXBuildFile; fileRef = DD18CB421A4A6303003071E4 /* UserProfileTableViewController.m */; };
		DD630A441A532E1E00155DD8 /* Main.storyboard in Resources */ = {isa = PBXBuildFile; fileRef = DD630A431A532E1E00155DD8 /* Main.storyboard */; };
		DD630A461A5335BD00155DD8 /* ContactListTableViewControllerTest.m in Sources */ = {isa = PBXBuildFile; fileRef = DD630A451A5335BD00155DD8 /* ContactListTableViewControllerTest.m */; };
/* End PBXBuildFile section */

/* Begin PBXContainerItemProxy section */
		DD18CB1E1A434465003071E4 /* PBXContainerItemProxy */ = {
			isa = PBXContainerItemProxy;
			containerPortal = DD18CAFC1A434465003071E4 /* Project object */;
			proxyType = 1;
			remoteGlobalIDString = DD18CB031A434465003071E4;
			remoteInfo = Example1;
		};
/* End PBXContainerItemProxy section */

/* Begin PBXFileReference section */
		DD18CB041A434465003071E4 /* Example1.app */ = {isa = PBXFileReference; explicitFileType = wrapper.application; includeInIndex = 0; path = Example1.app; sourceTree = BUILT_PRODUCTS_DIR; };
		DD18CB081A434465003071E4 /* Info.plist */ = {isa = PBXFileReference; lastKnownFileType = text.plist.xml; path = Info.plist; sourceTree = "<group>"; };
		DD18CB091A434465003071E4 /* main.m */ = {isa = PBXFileReference; lastKnownFileType = sourcecode.c.objc; path = main.m; sourceTree = "<group>"; };
		DD18CB0B1A434465003071E4 /* AppDelegate.h */ = {isa = PBXFileReference; lastKnownFileType = sourcecode.c.h; path = AppDelegate.h; sourceTree = "<group>"; };
		DD18CB0C1A434465003071E4 /* AppDelegate.m */ = {isa = PBXFileReference; lastKnownFileType = sourcecode.c.objc; path = AppDelegate.m; sourceTree = "<group>"; };
		DD18CB0E1A434465003071E4 /* ViewController.h */ = {isa = PBXFileReference; lastKnownFileType = sourcecode.c.h; path = ViewController.h; sourceTree = "<group>"; };
		DD18CB0F1A434465003071E4 /* ViewController.m */ = {isa = PBXFileReference; lastKnownFileType = sourcecode.c.objc; path = ViewController.m; sourceTree = "<group>"; };
		DD18CB141A434465003071E4 /* Images.xcassets */ = {isa = PBXFileReference; lastKnownFileType = folder.assetcatalog; path = Images.xcassets; sourceTree = "<group>"; };
		DD18CB171A434465003071E4 /* Base */ = {isa = PBXFileReference; lastKnownFileType = file.xib; name = Base; path = Base.lproj/LaunchScreen.xib; sourceTree = "<group>"; };
		DD18CB1D1A434465003071E4 /* Example1Tests.xctest */ = {isa = PBXFileReference; explicitFileType = wrapper.cfbundle; includeInIndex = 0; path = Example1Tests.xctest; sourceTree = BUILT_PRODUCTS_DIR; };
		DD18CB221A434465003071E4 /* Info.plist */ = {isa = PBXFileReference; lastKnownFileType = text.plist.xml; path = Info.plist; sourceTree = "<group>"; };
		DD18CB231A434465003071E4 /* Example1Tests.m */ = {isa = PBXFileReference; lastKnownFileType = sourcecode.c.objc; path = Example1Tests.m; sourceTree = "<group>"; };
		DD18CB301A4380EB003071E4 /* ContactListTableViewController.h */ = {isa = PBXFileReference; fileEncoding = 4; lastKnownFileType = sourcecode.c.h; path = ContactListTableViewController.h; sourceTree = "<group>"; };
		DD18CB311A4380EB003071E4 /* ContactListTableViewController.m */ = {isa = PBXFileReference; fileEncoding = 4; lastKnownFileType = sourcecode.c.objc; path = ContactListTableViewController.m; sourceTree = "<group>"; };
		DD18CB361A48AB2A003071E4 /* Person.h */ = {isa = PBXFileReference; fileEncoding = 4; lastKnownFileType = sourcecode.c.h; path = Person.h; sourceTree = "<group>"; };
		DD18CB371A48AB2A003071E4 /* Person.m */ = {isa = PBXFileReference; fileEncoding = 4; lastKnownFileType = sourcecode.c.objc; path = Person.m; sourceTree = "<group>"; };
		DD18CB411A4A6303003071E4 /* UserProfileTableViewController.h */ = {isa = PBXFileReference; fileEncoding = 4; lastKnownFileType = sourcecode.c.h; path = UserProfileTableViewController.h; sourceTree = "<group>"; };
		DD18CB421A4A6303003071E4 /* UserProfileTableViewController.m */ = {isa = PBXFileReference; fileEncoding = 4; lastKnownFileType = sourcecode.c.objc; path = UserProfileTableViewController.m; sourceTree = "<group>"; };
		DD630A431A532E1E00155DD8 /* Main.storyboard */ = {isa = PBXFileReference; fileEncoding = 4; lastKnownFileType = file.storyboard; name = Main.storyboard; path = ../../../../../.Trash/Main.storyboard; sourceTree = "<group>"; };
		DD630A451A5335BD00155DD8 /* ContactListTableViewControllerTest.m */ = {isa = PBXFileReference; fileEncoding = 4; lastKnownFileType = sourcecode.c.objc; path = ContactListTableViewControllerTest.m; sourceTree = "<group>"; };
/* End PBXFileReference section */

/* Begin PBXFrameworksBuildPhase section */
		DD18CB011A434465003071E4 /* Frameworks */ = {
			isa = PBXFrameworksBuildPhase;
			buildActionMask = 2147483647;
			files = (
			);
			runOnlyForDeploymentPostprocessing = 0;
		};
		DD18CB1A1A434465003071E4 /* Frameworks */ = {
			isa = PBXFrameworksBuildPhase;
			buildActionMask = 2147483647;
			files = (
			);
			runOnlyForDeploymentPostprocessing = 0;
		};
/* End PBXFrameworksBuildPhase section */

/* Begin PBXGroup section */
		DD18CAFB1A434465003071E4 = {
			isa = PBXGroup;
			children = (
				DD18CB061A434465003071E4 /* Example1 */,
				DD18CB201A434465003071E4 /* Example1Tests */,
				DD18CB051A434465003071E4 /* Products */,
			);
			sourceTree = "<group>";
		};
		DD18CB051A434465003071E4 /* Products */ = {
			isa = PBXGroup;
			children = (
				DD18CB041A434465003071E4 /* Example1.app */,
				DD18CB1D1A434465003071E4 /* Example1Tests.xctest */,
			);
			name = Products;
			sourceTree = "<group>";
		};
		DD18CB061A434465003071E4 /* Example1 */ = {
			isa = PBXGroup;
			children = (
				DD18CB0B1A434465003071E4 /* AppDelegate.h */,
				DD18CB0C1A434465003071E4 /* AppDelegate.m */,
				DD18CB0E1A434465003071E4 /* ViewController.h */,
				DD18CB0F1A434465003071E4 /* ViewController.m */,
				DD18CB301A4380EB003071E4 /* ContactListTableViewController.h */,
				DD18CB311A4380EB003071E4 /* ContactListTableViewController.m */,
				DD630A431A532E1E00155DD8 /* Main.storyboard */,
				DD18CB411A4A6303003071E4 /* UserProfileTableViewController.h */,
				DD18CB421A4A6303003071E4 /* UserProfileTableViewController.m */,
				DD18CB361A48AB2A003071E4 /* Person.h */,
				DD18CB371A48AB2A003071E4 /* Person.m */,
				DD18CB141A434465003071E4 /* Images.xcassets */,
				DD18CB161A434465003071E4 /* LaunchScreen.xib */,
				DD18CB071A434465003071E4 /* Supporting Files */,
			);
			path = Example1;
			sourceTree = "<group>";
		};
		DD18CB071A434465003071E4 /* Supporting Files */ = {
			isa = PBXGroup;
			children = (
				DD18CB081A434465003071E4 /* Info.plist */,
				DD18CB091A434465003071E4 /* main.m */,
			);
			name = "Supporting Files";
			sourceTree = "<group>";
		};
		DD18CB201A434465003071E4 /* Example1Tests */ = {
			isa = PBXGroup;
			children = (
				DD18CB231A434465003071E4 /* Example1Tests.m */,
				DD18CB211A434465003071E4 /* Supporting Files */,
				DD630A451A5335BD00155DD8 /* ContactListTableViewControllerTest.m */,
			);
			path = Example1Tests;
			sourceTree = "<group>";
		};
		DD18CB211A434465003071E4 /* Supporting Files */ = {
			isa = PBXGroup;
			children = (
				DD18CB221A434465003071E4 /* Info.plist */,
			);
			name = "Supporting Files";
			sourceTree = "<group>";
		};
/* End PBXGroup section */

/* Begin PBXNativeTarget section */
		DD18CB031A434465003071E4 /* Example1 */ = {
			isa = PBXNativeTarget;
			buildConfigurationList = DD18CB271A434465003071E4 /* Build configuration list for PBXNativeTarget "Example1" */;
			buildPhases = (
				DD18CB001A434465003071E4 /* Sources */,
				DD18CB011A434465003071E4 /* Frameworks */,
				DD18CB021A434465003071E4 /* Resources */,
			);
			buildRules = (
			);
			dependencies = (
			);
			name = Example1;
			productName = Example1;
			productReference = DD18CB041A434465003071E4 /* Example1.app */;
			productType = "com.apple.product-type.application";
		};
		DD18CB1C1A434465003071E4 /* Example1Tests */ = {
			isa = PBXNativeTarget;
			buildConfigurationList = DD18CB2A1A434465003071E4 /* Build configuration list for PBXNativeTarget "Example1Tests" */;
			buildPhases = (
				DD18CB191A434465003071E4 /* Sources */,
				DD18CB1A1A434465003071E4 /* Frameworks */,
				DD18CB1B1A434465003071E4 /* Resources */,
			);
			buildRules = (
			);
			dependencies = (
				DD18CB1F1A434465003071E4 /* PBXTargetDependency */,
			);
			name = Example1Tests;
			productName = Example1Tests;
			productReference = DD18CB1D1A434465003071E4 /* Example1Tests.xctest */;
			productType = "com.apple.product-type.bundle.unit-test";
		};
/* End PBXNativeTarget section */

/* Begin PBXProject section */
		DD18CAFC1A434465003071E4 /* Project object */ = {
			isa = PBXProject;
			attributes = {
				LastUpgradeCheck = 0610;
				ORGANIZATIONNAME = "Monica Brinkman";
				TargetAttributes = {
					DD18CB031A434465003071E4 = {
						CreatedOnToolsVersion = 6.1.1;
					};
					DD18CB1C1A434465003071E4 = {
						CreatedOnToolsVersion = 6.1.1;
						TestTargetID = DD18CB031A434465003071E4;
					};
				};
			};
			buildConfigurationList = DD18CAFF1A434465003071E4 /* Build configuration list for PBXProject "Example1" */;
			compatibilityVersion = "Xcode 3.2";
			developmentRegion = English;
			hasScannedForEncodings = 0;
			knownRegions = (
				en,
				Base,
			);
			mainGroup = DD18CAFB1A434465003071E4;
			productRefGroup = DD18CB051A434465003071E4 /* Products */;
			projectDirPath = "";
			projectRoot = "";
			targets = (
				DD18CB031A434465003071E4 /* Example1 */,
				DD18CB1C1A434465003071E4 /* Example1Tests */,
			);
		};
/* End PBXProject section */

/* Begin PBXResourcesBuildPhase section */
		DD18CB021A434465003071E4 /* Resources */ = {
			isa = PBXResourcesBuildPhase;
			buildActionMask = 2147483647;
			files = (
				DD630A441A532E1E00155DD8 /* Main.storyboard in Resources */,
				DD18CB181A434465003071E4 /* LaunchScreen.xib in Resources */,
				DD18CB151A434465003071E4 /* Images.xcassets in Resources */,
			);
			runOnlyForDeploymentPostprocessing = 0;
		};
		DD18CB1B1A434465003071E4 /* Resources */ = {
			isa = PBXResourcesBuildPhase;
			buildActionMask = 2147483647;
			files = (
			);
			runOnlyForDeploymentPostprocessing = 0;
		};
/* End PBXResourcesBuildPhase section */

/* Begin PBXSourcesBuildPhase section */
		DD18CB001A434465003071E4 /* Sources */ = {
			isa = PBXSourcesBuildPhase;
			buildActionMask = 2147483647;
			files = (
				DD18CB101A434465003071E4 /* ViewController.m in Sources */,
				DD18CB431A4A6303003071E4 /* UserProfileTableViewController.m in Sources */,
				DD18CB381A48AB2A003071E4 /* Person.m in Sources */,
				DD18CB0D1A434465003071E4 /* AppDelegate.m in Sources */,
				DD18CB0A1A434465003071E4 /* main.m in Sources */,
				DD18CB321A4380EB003071E4 /* ContactListTableViewController.m in Sources */,
			);
			runOnlyForDeploymentPostprocessing = 0;
		};
		DD18CB191A434465003071E4 /* Sources */ = {
			isa = PBXSourcesBuildPhase;
			buildActionMask = 2147483647;
			files = (
				DD630A461A5335BD00155DD8 /* ContactListTableViewControllerTest.m in Sources */,
				DD18CB241A434465003071E4 /* Example1Tests.m in Sources */,
			);
			runOnlyForDeploymentPostprocessing = 0;
		};
/* End PBXSourcesBuildPhase section */

/* Begin PBXTargetDependency section */
		DD18CB1F1A434465003071E4 /* PBXTargetDependency */ = {
			isa = PBXTargetDependency;
			target = DD18CB031A434465003071E4 /* Example1 */;
			targetProxy = DD18CB1E1A434465003071E4 /* PBXContainerItemProxy */;
		};
/* End PBXTargetDependency section */

/* Begin PBXVariantGroup section */
		DD18CB161A434465003071E4 /* LaunchScreen.xib */ = {
			isa = PBXVariantGroup;
			children = (
				DD18CB171A434465003071E4 /* Base */,
			);
			name = LaunchScreen.xib;
			sourceTree = "<group>";
		};
/* End PBXVariantGroup section */

/* Begin XCBuildConfiguration section */
		DD18CB251A434465003071E4 /* Debug */ = {
			isa = XCBuildConfiguration;
			buildSettings = {
				ALWAYS_SEARCH_USER_PATHS = NO;
				CLANG_CXX_LANGUAGE_STANDARD = "gnu++0x";
				CLANG_CXX_LIBRARY = "libc++";
				CLANG_ENABLE_MODULES = YES;
				CLANG_ENABLE_OBJC_ARC = YES;
				CLANG_WARN_BOOL_CONVERSION = YES;
				CLANG_WARN_CONSTANT_CONVERSION = YES;
				CLANG_WARN_DIRECT_OBJC_ISA_USAGE = YES_ERROR;
				CLANG_WARN_EMPTY_BODY = YES;
				CLANG_WARN_ENUM_CONVERSION = YES;
				CLANG_WARN_INT_CONVERSION = YES;
				CLANG_WARN_OBJC_ROOT_CLASS = YES_ERROR;
				CLANG_WARN_UNREACHABLE_CODE = YES;
				CLANG_WARN__DUPLICATE_METHOD_MATCH = YES;
				"CODE_SIGN_IDENTITY[sdk=iphoneos*]" = "iPhone Developer";
				COPY_PHASE_STRIP = NO;
				ENABLE_STRICT_OBJC_MSGSEND = YES;
				GCC_C_LANGUAGE_STANDARD = gnu99;
				GCC_DYNAMIC_NO_PIC = NO;
				GCC_OPTIMIZATION_LEVEL = 0;
				GCC_PREPROCESSOR_DEFINITIONS = (
					"DEBUG=1",
					"$(inherited)",
				);
				GCC_SYMBOLS_PRIVATE_EXTERN = NO;
				GCC_WARN_64_TO_32_BIT_CONVERSION = YES;
				GCC_WARN_ABOUT_RETURN_TYPE = YES_ERROR;
				GCC_WARN_UNDECLARED_SELECTOR = YES;
				GCC_WARN_UNINITIALIZED_AUTOS = YES_AGGRESSIVE;
				GCC_WARN_UNUSED_FUNCTION = YES;
				GCC_WARN_UNUSED_VARIABLE = YES;
				IPHONEOS_DEPLOYMENT_TARGET = 8.1;
				MTL_ENABLE_DEBUG_INFO = YES;
				ONLY_ACTIVE_ARCH = YES;
				SDKROOT = iphoneos;
			};
			name = Debug;
		};
		DD18CB261A434465003071E4 /* Release */ = {
			isa = XCBuildConfiguration;
			buildSettings = {
				ALWAYS_SEARCH_USER_PATHS = NO;
				CLANG_CXX_LANGUAGE_STANDARD = "gnu++0x";
				CLANG_CXX_LIBRARY = "libc++";
				CLANG_ENABLE_MODULES = YES;
				CLANG_ENABLE_OBJC_ARC = YES;
				CLANG_WARN_BOOL_CONVERSION = YES;
				CLANG_WARN_CONSTANT_CONVERSION = YES;
				CLANG_WARN_DIRECT_OBJC_ISA_USAGE = YES_ERROR;
				CLANG_WARN_EMPTY_BODY = YES;
				CLANG_WARN_ENUM_CONVERSION = YES;
				CLANG_WARN_INT_CONVERSION = YES;
				CLANG_WARN_OBJC_ROOT_CLASS = YES_ERROR;
				CLANG_WARN_UNREACHABLE_CODE = YES;
				CLANG_WARN__DUPLICATE_METHOD_MATCH = YES;
				"CODE_SIGN_IDENTITY[sdk=iphoneos*]" = "iPhone Developer";
				COPY_PHASE_STRIP = YES;
				ENABLE_NS_ASSERTIONS = NO;
				ENABLE_STRICT_OBJC_MSGSEND = YES;
				GCC_C_LANGUAGE_STANDARD = gnu99;
				GCC_WARN_64_TO_32_BIT_CONVERSION = YES;
				GCC_WARN_ABOUT_RETURN_TYPE = YES_ERROR;
				GCC_WARN_UNDECLARED_SELECTOR = YES;
				GCC_WARN_UNINITIALIZED_AUTOS = YES_AGGRESSIVE;
				GCC_WARN_UNUSED_FUNCTION = YES;
				GCC_WARN_UNUSED_VARIABLE = YES;
				IPHONEOS_DEPLOYMENT_TARGET = 8.1;
				MTL_ENABLE_DEBUG_INFO = NO;
				SDKROOT = iphoneos;
				VALIDATE_PRODUCT = YES;
			};
			name = Release;
		};
		DD18CB281A434465003071E4 /* Debug */ = {
			isa = XCBuildConfiguration;
			buildSettings = {
				ASSETCATALOG_COMPILER_APPICON_NAME = AppIcon;
				INFOPLIST_FILE = Example1/Info.plist;
				LD_RUNPATH_SEARCH_PATHS = "$(inherited) @executable_path/Frameworks";
				PRODUCT_NAME = Example1;
				TARGETED_DEVICE_FAMILY = 1;
			};
			name = Debug;
		};
		DD18CB291A434465003071E4 /* Release */ = {
			isa = XCBuildConfiguration;
			buildSettings = {
				ASSETCATALOG_COMPILER_APPICON_NAME = AppIcon;
				INFOPLIST_FILE = Example1/Info.plist;
				LD_RUNPATH_SEARCH_PATHS = "$(inherited) @executable_path/Frameworks";
				PRODUCT_NAME = Example1;
				TARGETED_DEVICE_FAMILY = 1;
			};
			name = Release;
		};
		DD18CB2B1A434465003071E4 /* Debug */ = {
			isa = XCBuildConfiguration;
			buildSettings = {
				BUNDLE_LOADER = "$(TEST_HOST)";
				FRAMEWORK_SEARCH_PATHS = (
					"$(SDKROOT)/Developer/Library/Frameworks",
					"$(inherited)",
				);
				GCC_PREPROCESSOR_DEFINITIONS = (
					"DEBUG=1",
					"$(inherited)",
				);
				INFOPLIST_FILE = Example1Tests/Info.plist;
				LD_RUNPATH_SEARCH_PATHS = "$(inherited) @executable_path/Frameworks @loader_path/Frameworks";
				PRODUCT_NAME = Example1Tests;
				TEST_HOST = "$(BUILT_PRODUCTS_DIR)/Example1.app/Example1";
			};
			name = Debug;
		};
		DD18CB2C1A434465003071E4 /* Release */ = {
			isa = XCBuildConfiguration;
			buildSettings = {
				BUNDLE_LOADER = "$(TEST_HOST)";
				FRAMEWORK_SEARCH_PATHS = (
					"$(SDKROOT)/Developer/Library/Frameworks",
					"$(inherited)",
				);
				INFOPLIST_FILE = Example1Tests/Info.plist;
				LD_RUNPATH_SEARCH_PATHS = "$(inherited) @executable_path/Frameworks @loader_path/Frameworks";
				PRODUCT_NAME = Example1Tests;
				TEST_HOST = "$(BUILT_PRODUCTS_DIR)/Example1.app/Example1";
			};
			name = Release;
		};
/* End XCBuildConfiguration section */

/* Begin XCConfigurationList section */
		DD18CAFF1A434465003071E4 /* Build configuration list for PBXProject "Example1" */ = {
			isa = XCConfigurationList;
			buildConfigurations = (
				DD18CB251A434465003071E4 /* Debug */,
				DD18CB261A434465003071E4 /* Release */,
			);
			defaultConfigurationIsVisible = 0;
			defaultConfigurationName = Release;
		};
		DD18CB271A434465003071E4 /* Build configuration list for PBXNativeTarget "Example1" */ = {
			isa = XCConfigurationList;
			buildConfigurations = (
				DD18CB281A434465003071E4 /* Debug */,
				DD18CB291A434465003071E4 /* Release */,
			);
			defaultConfigurationIsVisible = 0;
			defaultConfigurationName = Release;
		};
		DD18CB2A1A434465003071E4 /* Build configuration list for PBXNativeTarget "Example1Tests" */ = {
			isa = XCConfigurationList;
			buildConfigurations = (
				DD18CB2B1A434465003071E4 /* Debug */,
				DD18CB2C1A434465003071E4 /* Release */,
			);
			defaultConfigurationIsVisible = 0;
			defaultConfigurationName = Release;
		};
/* End XCConfigurationList section */
	};
	rootObject = DD18CAFC1A434465003071E4 /* Project object */;
}
